PODS:
  - Alamofire (5.0.0)
  - Kingfisher (5.13.2):
    - Kingfisher/Core (= 5.13.2)
  - Kingfisher/Core (5.13.2)
  - ObjectMapper (3.5.1)

DEPENDENCIES:
  - Alamofire (~> 5.0)
  - Kingfisher (~> 5.13)
  - ObjectMapper (~> 3.5)

SPEC REPOS:
  trunk:
    - Alamofire
    - Kingfisher
    - ObjectMapper

SPEC CHECKSUMS:
  Alamofire: 58ff2bfb8daaacaa233d5c36e37b10a5248f59b1
  Kingfisher: d342c8354c10c3d85a27d6d4c42c41285924b898
  ObjectMapper: 70187b8941977c62ccfb423caf6b50be405cabf0

PODFILE CHECKSUM: 386719c1a39aeddf0b4091b55594f85223cc20b4

COCOAPODS: 1.8.4
