// !$*UTF8*$!
{
	archiveVersion = 1;
	classes = {
	};
	objectVersion = 50;
	objects = {

/* Begin PBXBuildFile section */
		6860130D242141E00035BE56 /* AppDelegate.swift in Sources */ = {isa = PBXBuildFile; fileRef = 6860130C242141E00035BE56 /* AppDelegate.swift */; };
		6860130F242141E00035BE56 /* SceneDelegate.swift in Sources */ = {isa = PBXBuildFile; fileRef = 6860130E242141E00035BE56 /* SceneDelegate.swift */; };
		68601311242141E00035BE56 /* ViewController.swift in Sources */ = {isa = PBXBuildFile; fileRef = 68601310242141E00035BE56 /* ViewController.swift */; };
		68601314242141E00035BE56 /* Main.storyboard in Resources */ = {isa = PBXBuildFile; fileRef = 68601312242141E00035BE56 /* Main.storyboard */; };
		68601317242141E00035BE56 /* TheMoviesDB.xcdatamodeld in Sources */ = {isa = PBXBuildFile; fileRef = 68601315242141E00035BE56 /* TheMoviesDB.xcdatamodeld */; };
		68601319242141E20035BE56 /* Assets.xcassets in Resources */ = {isa = PBXBuildFile; fileRef = 68601318242141E20035BE56 /* Assets.xcassets */; };
		6860131C242141E20035BE56 /* LaunchScreen.storyboard in Resources */ = {isa = PBXBuildFile; fileRef = 6860131A242141E20035BE56 /* LaunchScreen.storyboard */; };
		68601327242141E20035BE56 /* TheMoviesDBTests.swift in Sources */ = {isa = PBXBuildFile; fileRef = 68601326242141E20035BE56 /* TheMoviesDBTests.swift */; };
		68601332242141E20035BE56 /* TheMoviesDBUITests.swift in Sources */ = {isa = PBXBuildFile; fileRef = 68601331242141E20035BE56 /* TheMoviesDBUITests.swift */; };
/* End PBXBuildFile section */

/* Begin PBXContainerItemProxy section */
		68601323242141E20035BE56 /* PBXContainerItemProxy */ = {
			isa = PBXContainerItemProxy;
			containerPortal = 68601301242141E00035BE56 /* Project object */;
			proxyType = 1;
			remoteGlobalIDString = 68601308242141E00035BE56;
			remoteInfo = TheMoviesDB;
		};
		6860132E242141E20035BE56 /* PBXContainerItemProxy */ = {
			isa = PBXContainerItemProxy;
			containerPortal = 68601301242141E00035BE56 /* Project object */;
			proxyType = 1;
			remoteGlobalIDString = 68601308242141E00035BE56;
			remoteInfo = TheMoviesDB;
		};
/* End PBXContainerItemProxy section */

/* Begin PBXFileReference section */
		68601309242141E00035BE56 /* TheMoviesDB.app */ = {isa = PBXFileReference; explicitFileType = wrapper.application; includeInIndex = 0; path = TheMoviesDB.app; sourceTree = BUILT_PRODUCTS_DIR; };
		6860130C242141E00035BE56 /* AppDelegate.swift */ = {isa = PBXFileReference; lastKnownFileType = sourcecode.swift; path = AppDelegate.swift; sourceTree = "<group>"; };
		6860130E242141E00035BE56 /* SceneDelegate.swift */ = {isa = PBXFileReference; lastKnownFileType = sourcecode.swift; path = SceneDelegate.swift; sourceTree = "<group>"; };
		68601310242141E00035BE56 /* ViewController.swift */ = {isa = PBXFileReference; lastKnownFileType = sourcecode.swift; path = ViewController.swift; sourceTree = "<group>"; };
		68601313242141E00035BE56 /* Base */ = {isa = PBXFileReference; lastKnownFileType = file.storyboard; name = Base; path = Base.lproj/Main.storyboard; sourceTree = "<group>"; };
		68601316242141E00035BE56 /* TheMoviesDB.xcdatamodel */ = {isa = PBXFileReference; lastKnownFileType = wrapper.xcdatamodel; path = TheMoviesDB.xcdatamodel; sourceTree = "<group>"; };
		68601318242141E20035BE56 /* Assets.xcassets */ = {isa = PBXFileReference; lastKnownFileType = folder.assetcatalog; path = Assets.xcassets; sourceTree = "<group>"; };
		6860131B242141E20035BE56 /* Base */ = {isa = PBXFileReference; lastKnownFileType = file.storyboard; name = Base; path = Base.lproj/LaunchScreen.storyboard; sourceTree = "<group>"; };
		6860131D242141E20035BE56 /* Info.plist */ = {isa = PBXFileReference; lastKnownFileType = text.plist.xml; path = Info.plist; sourceTree = "<group>"; };
		68601322242141E20035BE56 /* TheMoviesDBTests.xctest */ = {isa = PBXFileReference; explicitFileType = wrapper.cfbundle; includeInIndex = 0; path = TheMoviesDBTests.xctest; sourceTree = BUILT_PRODUCTS_DIR; };
		68601326242141E20035BE56 /* TheMoviesDBTests.swift */ = {isa = PBXFileReference; lastKnownFileType = sourcecode.swift; path = TheMoviesDBTests.swift; sourceTree = "<group>"; };
		68601328242141E20035BE56 /* Info.plist */ = {isa = PBXFileReference; lastKnownFileType = text.plist.xml; path = Info.plist; sourceTree = "<group>"; };
		6860132D242141E20035BE56 /* TheMoviesDBUITests.xctest */ = {isa = PBXFileReference; explicitFileType = wrapper.cfbundle; includeInIndex = 0; path = TheMoviesDBUITests.xctest; sourceTree = BUILT_PRODUCTS_DIR; };
		68601331242141E20035BE56 /* TheMoviesDBUITests.swift */ = {isa = PBXFileReference; lastKnownFileType = sourcecode.swift; path = TheMoviesDBUITests.swift; sourceTree = "<group>"; };
		68601333242141E20035BE56 /* Info.plist */ = {isa = PBXFileReference; lastKnownFileType = text.plist.xml; path = Info.plist; sourceTree = "<group>"; };
/* End PBXFileReference section */

/* Begin PBXFrameworksBuildPhase section */
		68601306242141E00035BE56 /* Frameworks */ = {
			isa = PBXFrameworksBuildPhase;
			buildActionMask = 2147483647;
			files = (
			);
			runOnlyForDeploymentPostprocessing = 0;
		};
		6860131F242141E20035BE56 /* Frameworks */ = {
			isa = PBXFrameworksBuildPhase;
			buildActionMask = 2147483647;
			files = (
			);
			runOnlyForDeploymentPostprocessing = 0;
		};
		6860132A242141E20035BE56 /* Frameworks */ = {
			isa = PBXFrameworksBuildPhase;
			buildActionMask = 2147483647;
			files = (
			);
			runOnlyForDeploymentPostprocessing = 0;
		};
/* End PBXFrameworksBuildPhase section */

/* Begin PBXGroup section */
		68601300242141E00035BE56 = {
			isa = PBXGroup;
			children = (
				6860130B242141E00035BE56 /* TheMoviesDB */,
				68601325242141E20035BE56 /* TheMoviesDBTests */,
				68601330242141E20035BE56 /* TheMoviesDBUITests */,
				6860130A242141E00035BE56 /* Products */,
			);
			sourceTree = "<group>";
		};
		6860130A242141E00035BE56 /* Products */ = {
			isa = PBXGroup;
			children = (
				68601309242141E00035BE56 /* TheMoviesDB.app */,
				68601322242141E20035BE56 /* TheMoviesDBTests.xctest */,
				6860132D242141E20035BE56 /* TheMoviesDBUITests.xctest */,
			);
			name = Products;
			sourceTree = "<group>";
		};
		6860130B242141E00035BE56 /* TheMoviesDB */ = {
			isa = PBXGroup;
			children = (
				6860131D242141E20035BE56 /* Info.plist */,
				6860130C242141E00035BE56 /* AppDelegate.swift */,
				6860130E242141E00035BE56 /* SceneDelegate.swift */,
				68F169D824214358005B3841 /* Presentation */,
				68F169D924214364005B3841 /* Models */,
				68F169DA2421436C005B3841 /* Data */,
				68F169DE24214396005B3841 /* Tools */,
				68F169DD2421438C005B3841 /* Resources */,
			);
			path = TheMoviesDB;
			sourceTree = "<group>";
		};
		68601325242141E20035BE56 /* TheMoviesDBTests */ = {
			isa = PBXGroup;
			children = (
				68601326242141E20035BE56 /* TheMoviesDBTests.swift */,
				68601328242141E20035BE56 /* Info.plist */,
			);
			path = TheMoviesDBTests;
			sourceTree = "<group>";
		};
		68601330242141E20035BE56 /* TheMoviesDBUITests */ = {
			isa = PBXGroup;
			children = (
				68601331242141E20035BE56 /* TheMoviesDBUITests.swift */,
				68601333242141E20035BE56 /* Info.plist */,
			);
			path = TheMoviesDBUITests;
			sourceTree = "<group>";
		};
		68F169D824214358005B3841 /* Presentation */ = {
			isa = PBXGroup;
			children = (
				6860131A242141E20035BE56 /* LaunchScreen.storyboard */,
				68F169E0242143CA005B3841 /* MainScreen */,
			);
			path = Presentation;
			sourceTree = "<group>";
		};
		68F169D924214364005B3841 /* Models */ = {
			isa = PBXGroup;
			children = (
			);
			path = Models;
			sourceTree = "<group>";
		};
		68F169DA2421436C005B3841 /* Data */ = {
			isa = PBXGroup;
			children = (
				68F169DC2421437E005B3841 /* LocalRepository */,
				68F169DB24214374005B3841 /* RemoteRepository */,
			);
			path = Data;
			sourceTree = "<group>";
		};
		68F169DB24214374005B3841 /* RemoteRepository */ = {
			isa = PBXGroup;
			children = (
			);
			path = RemoteRepository;
			sourceTree = "<group>";
		};
		68F169DC2421437E005B3841 /* LocalRepository */ = {
			isa = PBXGroup;
			children = (
				68601315242141E00035BE56 /* TheMoviesDB.xcdatamodeld */,
			);
			path = LocalRepository;
			sourceTree = "<group>";
		};
		68F169DD2421438C005B3841 /* Resources */ = {
			isa = PBXGroup;
			children = (
				68601318242141E20035BE56 /* Assets.xcassets */,
			);
			path = Resources;
			sourceTree = "<group>";
		};
		68F169DE24214396005B3841 /* Tools */ = {
			isa = PBXGroup;
			children = (
				68F169DF2421439D005B3841 /* Enums */,
			);
			path = Tools;
			sourceTree = "<group>";
		};
		68F169DF2421439D005B3841 /* Enums */ = {
			isa = PBXGroup;
			children = (
			);
			path = Enums;
			sourceTree = "<group>";
		};
		68F169E0242143CA005B3841 /* MainScreen */ = {
			isa = PBXGroup;
			children = (
				68601312242141E00035BE56 /* Main.storyboard */,
				68601310242141E00035BE56 /* ViewController.swift */,
			);
			path = MainScreen;
			sourceTree = "<group>";
		};
/* End PBXGroup section */

/* Begin PBXNativeTarget section */
		68601308242141E00035BE56 /* TheMoviesDB */ = {
			isa = PBXNativeTarget;
			buildConfigurationList = 68601336242141E20035BE56 /* Build configuration list for PBXNativeTarget "TheMoviesDB" */;
			buildPhases = (
				68601305242141E00035BE56 /* Sources */,
				68601306242141E00035BE56 /* Frameworks */,
				68601307242141E00035BE56 /* Resources */,
			);
			buildRules = (
			);
			dependencies = (
			);
			name = TheMoviesDB;
			productName = TheMoviesDB;
			productReference = 68601309242141E00035BE56 /* TheMoviesDB.app */;
			productType = "com.apple.product-type.application";
		};
		68601321242141E20035BE56 /* TheMoviesDBTests */ = {
			isa = PBXNativeTarget;
			buildConfigurationList = 68601339242141E20035BE56 /* Build configuration list for PBXNativeTarget "TheMoviesDBTests" */;
			buildPhases = (
				6860131E242141E20035BE56 /* Sources */,
				6860131F242141E20035BE56 /* Frameworks */,
				68601320242141E20035BE56 /* Resources */,
			);
			buildRules = (
			);
			dependencies = (
				68601324242141E20035BE56 /* PBXTargetDependency */,
			);
			name = TheMoviesDBTests;
			productName = TheMoviesDBTests;
			productReference = 68601322242141E20035BE56 /* TheMoviesDBTests.xctest */;
			productType = "com.apple.product-type.bundle.unit-test";
		};
		6860132C242141E20035BE56 /* TheMoviesDBUITests */ = {
			isa = PBXNativeTarget;
			buildConfigurationList = 6860133C242141E20035BE56 /* Build configuration list for PBXNativeTarget "TheMoviesDBUITests" */;
			buildPhases = (
				68601329242141E20035BE56 /* Sources */,
				6860132A242141E20035BE56 /* Frameworks */,
				6860132B242141E20035BE56 /* Resources */,
			);
			buildRules = (
			);
			dependencies = (
				6860132F242141E20035BE56 /* PBXTargetDependency */,
			);
			name = TheMoviesDBUITests;
			productName = TheMoviesDBUITests;
			productReference = 6860132D242141E20035BE56 /* TheMoviesDBUITests.xctest */;
			productType = "com.apple.product-type.bundle.ui-testing";
		};
/* End PBXNativeTarget section */

/* Begin PBXProject section */
		68601301242141E00035BE56 /* Project object */ = {
			isa = PBXProject;
			attributes = {
				LastSwiftUpdateCheck = 1130;
				LastUpgradeCheck = 1130;
				ORGANIZATIONNAME = papadim;
				TargetAttributes = {
					68601308242141E00035BE56 = {
						CreatedOnToolsVersion = 11.3.1;
					};
					68601321242141E20035BE56 = {
						CreatedOnToolsVersion = 11.3.1;
						TestTargetID = 68601308242141E00035BE56;
					};
					6860132C242141E20035BE56 = {
						CreatedOnToolsVersion = 11.3.1;
						TestTargetID = 68601308242141E00035BE56;
					};
				};
			};
			buildConfigurationList = 68601304242141E00035BE56 /* Build configuration list for PBXProject "TheMoviesDB" */;
			compatibilityVersion = "Xcode 9.3";
			developmentRegion = en;
			hasScannedForEncodings = 0;
			knownRegions = (
				en,
				Base,
			);
			mainGroup = 68601300242141E00035BE56;
			productRefGroup = 6860130A242141E00035BE56 /* Products */;
			projectDirPath = "";
			projectRoot = "";
			targets = (
				68601308242141E00035BE56 /* TheMoviesDB */,
				68601321242141E20035BE56 /* TheMoviesDBTests */,
				6860132C242141E20035BE56 /* TheMoviesDBUITests */,
			);
		};
/* End PBXProject section */

/* Begin PBXResourcesBuildPhase section */
		68601307242141E00035BE56 /* Resources */ = {
			isa = PBXResourcesBuildPhase;
			buildActionMask = 2147483647;
			files = (
				6860131C242141E20035BE56 /* LaunchScreen.storyboard in Resources */,
				68601319242141E20035BE56 /* Assets.xcassets in Resources */,
				68601314242141E00035BE56 /* Main.storyboard in Resources */,
			);
			runOnlyForDeploymentPostprocessing = 0;
		};
		68601320242141E20035BE56 /* Resources */ = {
			isa = PBXResourcesBuildPhase;
			buildActionMask = 2147483647;
			files = (
			);
			runOnlyForDeploymentPostprocessing = 0;
		};
		6860132B242141E20035BE56 /* Resources */ = {
			isa = PBXResourcesBuildPhase;
			buildActionMask = 2147483647;
			files = (
			);
			runOnlyForDeploymentPostprocessing = 0;
		};
/* End PBXResourcesBuildPhase section */

/* Begin PBXSourcesBuildPhase section */
		68601305242141E00035BE56 /* Sources */ = {
			isa = PBXSourcesBuildPhase;
			buildActionMask = 2147483647;
			files = (
				68601311242141E00035BE56 /* ViewController.swift in Sources */,
				6860130D242141E00035BE56 /* AppDelegate.swift in Sources */,
				68601317242141E00035BE56 /* TheMoviesDB.xcdatamodeld in Sources */,
				6860130F242141E00035BE56 /* SceneDelegate.swift in Sources */,
			);
			runOnlyForDeploymentPostprocessing = 0;
		};
		6860131E242141E20035BE56 /* Sources */ = {
			isa = PBXSourcesBuildPhase;
			buildActionMask = 2147483647;
			files = (
				68601327242141E20035BE56 /* TheMoviesDBTests.swift in Sources */,
			);
			runOnlyForDeploymentPostprocessing = 0;
		};
		68601329242141E20035BE56 /* Sources */ = {
			isa = PBXSourcesBuildPhase;
			buildActionMask = 2147483647;
			files = (
				68601332242141E20035BE56 /* TheMoviesDBUITests.swift in Sources */,
			);
			runOnlyForDeploymentPostprocessing = 0;
		};
/* End PBXSourcesBuildPhase section */

/* Begin PBXTargetDependency section */
		68601324242141E20035BE56 /* PBXTargetDependency */ = {
			isa = PBXTargetDependency;
			target = 68601308242141E00035BE56 /* TheMoviesDB */;
			targetProxy = 68601323242141E20035BE56 /* PBXContainerItemProxy */;
		};
		6860132F242141E20035BE56 /* PBXTargetDependency */ = {
			isa = PBXTargetDependency;
			target = 68601308242141E00035BE56 /* TheMoviesDB */;
			targetProxy = 6860132E242141E20035BE56 /* PBXContainerItemProxy */;
		};
/* End PBXTargetDependency section */

/* Begin PBXVariantGroup section */
		68601312242141E00035BE56 /* Main.storyboard */ = {
			isa = PBXVariantGroup;
			children = (
				68601313242141E00035BE56 /* Base */,
			);
			name = Main.storyboard;
			sourceTree = "<group>";
		};
		6860131A242141E20035BE56 /* LaunchScreen.storyboard */ = {
			isa = PBXVariantGroup;
			children = (
				6860131B242141E20035BE56 /* Base */,
			);
			name = LaunchScreen.storyboard;
			sourceTree = "<group>";
		};
/* End PBXVariantGroup section */

/* Begin XCBuildConfiguration section */
		68601334242141E20035BE56 /* Debug */ = {
			isa = XCBuildConfiguration;
			buildSettings = {
				ALWAYS_SEARCH_USER_PATHS = NO;
				CLANG_ANALYZER_NONNULL = YES;
				CLANG_ANALYZER_NUMBER_OBJECT_CONVERSION = YES_AGGRESSIVE;
				CLANG_CXX_LANGUAGE_STANDARD = "gnu++14";
				CLANG_CXX_LIBRARY = "libc++";
				CLANG_ENABLE_MODULES = YES;
				CLANG_ENABLE_OBJC_ARC = YES;
				CLANG_ENABLE_OBJC_WEAK = YES;
				CLANG_WARN_BLOCK_CAPTURE_AUTORELEASING = YES;
				CLANG_WARN_BOOL_CONVERSION = YES;
				CLANG_WARN_COMMA = YES;
				CLANG_WARN_CONSTANT_CONVERSION = YES;
				CLANG_WARN_DEPRECATED_OBJC_IMPLEMENTATIONS = YES;
				CLANG_WARN_DIRECT_OBJC_ISA_USAGE = YES_ERROR;
				CLANG_WARN_DOCUMENTATION_COMMENTS = YES;
				CLANG_WARN_EMPTY_BODY = YES;
				CLANG_WARN_ENUM_CONVERSION = YES;
				CLANG_WARN_INFINITE_RECURSION = YES;
				CLANG_WARN_INT_CONVERSION = YES;
				CLANG_WARN_NON_LITERAL_NULL_CONVERSION = YES;
				CLANG_WARN_OBJC_IMPLICIT_RETAIN_SELF = YES;
				CLANG_WARN_OBJC_LITERAL_CONVERSION = YES;
				CLANG_WARN_OBJC_ROOT_CLASS = YES_ERROR;
				CLANG_WARN_RANGE_LOOP_ANALYSIS = YES;
				CLANG_WARN_STRICT_PROTOTYPES = YES;
				CLANG_WARN_SUSPICIOUS_MOVE = YES;
				CLANG_WARN_UNGUARDED_AVAILABILITY = YES_AGGRESSIVE;
				CLANG_WARN_UNREACHABLE_CODE = YES;
				CLANG_WARN__DUPLICATE_METHOD_MATCH = YES;
				COPY_PHASE_STRIP = NO;
				DEBUG_INFORMATION_FORMAT = dwarf;
				ENABLE_STRICT_OBJC_MSGSEND = YES;
				ENABLE_TESTABILITY = YES;
				GCC_C_LANGUAGE_STANDARD = gnu11;
				GCC_DYNAMIC_NO_PIC = NO;
				GCC_NO_COMMON_BLOCKS = YES;
				GCC_OPTIMIZATION_LEVEL = 0;
				GCC_PREPROCESSOR_DEFINITIONS = (
					"DEBUG=1",
					"$(inherited)",
				);
				GCC_WARN_64_TO_32_BIT_CONVERSION = YES;
				GCC_WARN_ABOUT_RETURN_TYPE = YES_ERROR;
				GCC_WARN_UNDECLARED_SELECTOR = YES;
				GCC_WARN_UNINITIALIZED_AUTOS = YES_AGGRESSIVE;
				GCC_WARN_UNUSED_FUNCTION = YES;
				GCC_WARN_UNUSED_VARIABLE = YES;
				IPHONEOS_DEPLOYMENT_TARGET = 12.0;
				MTL_ENABLE_DEBUG_INFO = INCLUDE_SOURCE;
				MTL_FAST_MATH = YES;
				ONLY_ACTIVE_ARCH = YES;
				SDKROOT = iphoneos;
				SWIFT_ACTIVE_COMPILATION_CONDITIONS = DEBUG;
				SWIFT_OPTIMIZATION_LEVEL = "-Onone";
			};
			name = Debug;
		};
		68601335242141E20035BE56 /* Release */ = {
			isa = XCBuildConfiguration;
			buildSettings = {
				ALWAYS_SEARCH_USER_PATHS = NO;
				CLANG_ANALYZER_NONNULL = YES;
				CLANG_ANALYZER_NUMBER_OBJECT_CONVERSION = YES_AGGRESSIVE;
				CLANG_CXX_LANGUAGE_STANDARD = "gnu++14";
				CLANG_CXX_LIBRARY = "libc++";
				CLANG_ENABLE_MODULES = YES;
				CLANG_ENABLE_OBJC_ARC = YES;
				CLANG_ENABLE_OBJC_WEAK = YES;
				CLANG_WARN_BLOCK_CAPTURE_AUTORELEASING = YES;
				CLANG_WARN_BOOL_CONVERSION = YES;
				CLANG_WARN_COMMA = YES;
				CLANG_WARN_CONSTANT_CONVERSION = YES;
				CLANG_WARN_DEPRECATED_OBJC_IMPLEMENTATIONS = YES;
				CLANG_WARN_DIRECT_OBJC_ISA_USAGE = YES_ERROR;
				CLANG_WARN_DOCUMENTATION_COMMENTS = YES;
				CLANG_WARN_EMPTY_BODY = YES;
				CLANG_WARN_ENUM_CONVERSION = YES;
				CLANG_WARN_INFINITE_RECURSION = YES;
				CLANG_WARN_INT_CONVERSION = YES;
				CLANG_WARN_NON_LITERAL_NULL_CONVERSION = YES;
				CLANG_WARN_OBJC_IMPLICIT_RETAIN_SELF = YES;
				CLANG_WARN_OBJC_LITERAL_CONVERSION = YES;
				CLANG_WARN_OBJC_ROOT_CLASS = YES_ERROR;
				CLANG_WARN_RANGE_LOOP_ANALYSIS = YES;
				CLANG_WARN_STRICT_PROTOTYPES = YES;
				CLANG_WARN_SUSPICIOUS_MOVE = YES;
				CLANG_WARN_UNGUARDED_AVAILABILITY = YES_AGGRESSIVE;
				CLANG_WARN_UNREACHABLE_CODE = YES;
				CLANG_WARN__DUPLICATE_METHOD_MATCH = YES;
				COPY_PHASE_STRIP = NO;
				DEBUG_INFORMATION_FORMAT = "dwarf-with-dsym";
				ENABLE_NS_ASSERTIONS = NO;
				ENABLE_STRICT_OBJC_MSGSEND = YES;
				GCC_C_LANGUAGE_STANDARD = gnu11;
				GCC_NO_COMMON_BLOCKS = YES;
				GCC_WARN_64_TO_32_BIT_CONVERSION = YES;
				GCC_WARN_ABOUT_RETURN_TYPE = YES_ERROR;
				GCC_WARN_UNDECLARED_SELECTOR = YES;
				GCC_WARN_UNINITIALIZED_AUTOS = YES_AGGRESSIVE;
				GCC_WARN_UNUSED_FUNCTION = YES;
				GCC_WARN_UNUSED_VARIABLE = YES;
				IPHONEOS_DEPLOYMENT_TARGET = 12.0;
				MTL_ENABLE_DEBUG_INFO = NO;
				MTL_FAST_MATH = YES;
				SDKROOT = iphoneos;
				SWIFT_COMPILATION_MODE = wholemodule;
				SWIFT_OPTIMIZATION_LEVEL = "-O";
				VALIDATE_PRODUCT = YES;
			};
			name = Release;
		};
		68601337242141E20035BE56 /* Debug */ = {
			isa = XCBuildConfiguration;
			buildSettings = {
				ASSETCATALOG_COMPILER_APPICON_NAME = AppIcon;
				CODE_SIGN_STYLE = Automatic;
				DEVELOPMENT_TEAM = J33J6T7P58;
				INFOPLIST_FILE = TheMoviesDB/Info.plist;
				LD_RUNPATH_SEARCH_PATHS = (
					"$(inherited)",
					"@executable_path/Frameworks",
				);
				PRODUCT_BUNDLE_IDENTIFIER = com.papadim.TheMoviesDB;
				PRODUCT_NAME = "$(TARGET_NAME)";
				SWIFT_VERSION = 5.0;
				TARGETED_DEVICE_FAMILY = "1,2";
			};
			name = Debug;
		};
		68601338242141E20035BE56 /* Release */ = {
			isa = XCBuildConfiguration;
			buildSettings = {
				ASSETCATALOG_COMPILER_APPICON_NAME = AppIcon;
				CODE_SIGN_STYLE = Automatic;
				DEVELOPMENT_TEAM = J33J6T7P58;
				INFOPLIST_FILE = TheMoviesDB/Info.plist;
				LD_RUNPATH_SEARCH_PATHS = (
					"$(inherited)",
					"@executable_path/Frameworks",
				);
				PRODUCT_BUNDLE_IDENTIFIER = com.papadim.TheMoviesDB;
				PRODUCT_NAME = "$(TARGET_NAME)";
				SWIFT_VERSION = 5.0;
				TARGETED_DEVICE_FAMILY = "1,2";
			};
			name = Release;
		};
		6860133A242141E20035BE56 /* Debug */ = {
			isa = XCBuildConfiguration;
			buildSettings = {
				ALWAYS_EMBED_SWIFT_STANDARD_LIBRARIES = YES;
				BUNDLE_LOADER = "$(TEST_HOST)";
				CODE_SIGN_STYLE = Automatic;
				DEVELOPMENT_TEAM = J33J6T7P58;
				INFOPLIST_FILE = TheMoviesDBTests/Info.plist;
				IPHONEOS_DEPLOYMENT_TARGET = 13.2;
				LD_RUNPATH_SEARCH_PATHS = (
					"$(inherited)",
					"@executable_path/Frameworks",
					"@loader_path/Frameworks",
				);
				PRODUCT_BUNDLE_IDENTIFIER = com.papadim.TheMoviesDBTests;
				PRODUCT_NAME = "$(TARGET_NAME)";
				SWIFT_VERSION = 5.0;
				TARGETED_DEVICE_FAMILY = "1,2";
				TEST_HOST = "$(BUILT_PRODUCTS_DIR)/TheMoviesDB.app/TheMoviesDB";
			};
			name = Debug;
		};
		6860133B242141E20035BE56 /* Release */ = {
			isa = XCBuildConfiguration;
			buildSettings = {
				ALWAYS_EMBED_SWIFT_STANDARD_LIBRARIES = YES;
				BUNDLE_LOADER = "$(TEST_HOST)";
				CODE_SIGN_STYLE = Automatic;
				DEVELOPMENT_TEAM = J33J6T7P58;
				INFOPLIST_FILE = TheMoviesDBTests/Info.plist;
				IPHONEOS_DEPLOYMENT_TARGET = 13.2;
				LD_RUNPATH_SEARCH_PATHS = (
					"$(inherited)",
					"@executable_path/Frameworks",
					"@loader_path/Frameworks",
				);
				PRODUCT_BUNDLE_IDENTIFIER = com.papadim.TheMoviesDBTests;
				PRODUCT_NAME = "$(TARGET_NAME)";
				SWIFT_VERSION = 5.0;
				TARGETED_DEVICE_FAMILY = "1,2";
				TEST_HOST = "$(BUILT_PRODUCTS_DIR)/TheMoviesDB.app/TheMoviesDB";
			};
			name = Release;
		};
		6860133D242141E20035BE56 /* Debug */ = {
			isa = XCBuildConfiguration;
			buildSettings = {
				ALWAYS_EMBED_SWIFT_STANDARD_LIBRARIES = YES;
				CODE_SIGN_STYLE = Automatic;
				DEVELOPMENT_TEAM = J33J6T7P58;
				INFOPLIST_FILE = TheMoviesDBUITests/Info.plist;
				LD_RUNPATH_SEARCH_PATHS = (
					"$(inherited)",
					"@executable_path/Frameworks",
					"@loader_path/Frameworks",
				);
				PRODUCT_BUNDLE_IDENTIFIER = com.papadim.TheMoviesDBUITests;
				PRODUCT_NAME = "$(TARGET_NAME)";
				SWIFT_VERSION = 5.0;
				TARGETED_DEVICE_FAMILY = "1,2";
				TEST_TARGET_NAME = TheMoviesDB;
			};
			name = Debug;
		};
		6860133E242141E20035BE56 /* Release */ = {
			isa = XCBuildConfiguration;
			buildSettings = {
				ALWAYS_EMBED_SWIFT_STANDARD_LIBRARIES = YES;
				CODE_SIGN_STYLE = Automatic;
				DEVELOPMENT_TEAM = J33J6T7P58;
				INFOPLIST_FILE = TheMoviesDBUITests/Info.plist;
				LD_RUNPATH_SEARCH_PATHS = (
					"$(inherited)",
					"@executable_path/Frameworks",
					"@loader_path/Frameworks",
				);
				PRODUCT_BUNDLE_IDENTIFIER = com.papadim.TheMoviesDBUITests;
				PRODUCT_NAME = "$(TARGET_NAME)";
				SWIFT_VERSION = 5.0;
				TARGETED_DEVICE_FAMILY = "1,2";
				TEST_TARGET_NAME = TheMoviesDB;
			};
			name = Release;
		};
/* End XCBuildConfiguration section */

/* Begin XCConfigurationList section */
		68601304242141E00035BE56 /* Build configuration list for PBXProject "TheMoviesDB" */ = {
			isa = XCConfigurationList;
			buildConfigurations = (
				68601334242141E20035BE56 /* Debug */,
				68601335242141E20035BE56 /* Release */,
			);
			defaultConfigurationIsVisible = 0;
			defaultConfigurationName = Release;
		};
		68601336242141E20035BE56 /* Build configuration list for PBXNativeTarget "TheMoviesDB" */ = {
			isa = XCConfigurationList;
			buildConfigurations = (
				68601337242141E20035BE56 /* Debug */,
				68601338242141E20035BE56 /* Release */,
			);
			defaultConfigurationIsVisible = 0;
			defaultConfigurationName = Release;
		};
		68601339242141E20035BE56 /* Build configuration list for PBXNativeTarget "TheMoviesDBTests" */ = {
			isa = XCConfigurationList;
			buildConfigurations = (
				6860133A242141E20035BE56 /* Debug */,
				6860133B242141E20035BE56 /* Release */,
			);
			defaultConfigurationIsVisible = 0;
			defaultConfigurationName = Release;
		};
		6860133C242141E20035BE56 /* Build configuration list for PBXNativeTarget "TheMoviesDBUITests" */ = {
			isa = XCConfigurationList;
			buildConfigurations = (
				6860133D242141E20035BE56 /* Debug */,
				6860133E242141E20035BE56 /* Release */,
			);
			defaultConfigurationIsVisible = 0;
			defaultConfigurationName = Release;
		};
/* End XCConfigurationList section */

/* Begin XCVersionGroup section */
		68601315242141E00035BE56 /* TheMoviesDB.xcdatamodeld */ = {
			isa = XCVersionGroup;
			children = (
				68601316242141E00035BE56 /* TheMoviesDB.xcdatamodel */,
			);
			currentVersion = 68601316242141E00035BE56 /* TheMoviesDB.xcdatamodel */;
			path = TheMoviesDB.xcdatamodeld;
			sourceTree = "<group>";
			versionGroupType = wrapper.xcdatamodel;
		};
/* End XCVersionGroup section */
	};
	rootObject = 68601301242141E00035BE56 /* Project object */;
}
